<?xml version="1.0" encoding="utf-8"?>
<Project ToolsVersion="4.0" xmlns="http://schemas.microsoft.com/developer/msbuild/2003">
  <ItemGroup>
    <Filter Include="system">
      <UniqueIdentifier>{22dd8095-74f9-46df-81a1-36675a040b1f}</UniqueIdentifier>
    </Filter>
    <Filter Include="player">
      <UniqueIdentifier>{3232152b-ef07-4af4-a93d-baa84a488cec}</UniqueIdentifier>
    </Filter>
    <Filter Include="UI">
      <UniqueIdentifier>{e5bc85c9-3eaa-471f-b260-bf00838da433}</UniqueIdentifier>
    </Filter>
    <Filter Include="camera">
      <UniqueIdentifier>{0907a0f7-4087-4a1b-9b1e-5372be7add9b}</UniqueIdentifier>
    </Filter>
    <Filter Include="backGround">
      <UniqueIdentifier>{45da49e5-f867-46ad-a023-2e0f03a989bd}</UniqueIdentifier>
    </Filter>
    <Filter Include="title">
      <UniqueIdentifier>{690612fb-46cb-41bf-b3e7-39fd99684b9c}</UniqueIdentifier>
    </Filter>
    <Filter Include="CommonData">
      <UniqueIdentifier>{095ead17-ef06-47bd-8260-af222c53b5bf}</UniqueIdentifier>
    </Filter>
  </ItemGroup>
  <ItemGroup>
    <ClCompile Include="stdafx.cpp" />
    <ClCompile Include="main.cpp" />
    <ClCompile Include="system\system.cpp">
      <Filter>system</Filter>
    </ClCompile>
    <ClCompile Include="Player.cpp">
      <Filter>player</Filter>
    </ClCompile>
    <ClCompile Include="PlayerIdleInAirState.cpp">
      <Filter>player</Filter>
    </ClCompile>
    <ClCompile Include="PlayerIdleState.cpp">
      <Filter>player</Filter>
    </ClCompile>
    <ClCompile Include="PlayerWalkState.cpp">
      <Filter>player</Filter>
    </ClCompile>
    <ClCompile Include="PlayerFallInAirState.cpp">
      <Filter>player</Filter>
    </ClCompile>
    <ClCompile Include="PlayerSlideState.cpp">
      <Filter>player</Filter>
    </ClCompile>
    <ClCompile Include="PlayerJumpState.cpp">
      <Filter>player</Filter>
    </ClCompile>
    <ClCompile Include="Game.cpp" />
    <ClCompile Include="Sight.cpp">
      <Filter>UI</Filter>
    </ClCompile>
    <ClCompile Include="GravityGauge.cpp">
      <Filter>UI</Filter>
    </ClCompile>
    <ClCompile Include="GameCamera.cpp">
      <Filter>camera</Filter>
    </ClCompile>
    <ClCompile Include="BackGround.cpp">
      <Filter>backGround</Filter>
    </ClCompile>
    <ClCompile Include="PlayerFallState.cpp">
      <Filter>player</Filter>
    </ClCompile>
    <ClCompile Include="Ring.cpp" />
    <ClCompile Include="Result.cpp" />
    <ClCompile Include="DisplayGameTimer.cpp">
      <Filter>UI</Filter>
    </ClCompile>
    <ClCompile Include="LockOn.cpp">
      <Filter>UI</Filter>
    </ClCompile>
    <ClCompile Include="Title.cpp">
      <Filter>title</Filter>
    </ClCompile>
    <ClCompile Include="TitleCharacter.cpp">
      <Filter>title</Filter>
    </ClCompile>
    <ClCompile Include="TitleCamera.cpp">
      <Filter>title</Filter>
    </ClCompile>
    <ClCompile Include="TitleBackGround.cpp">
      <Filter>title</Filter>
    </ClCompile>
    <ClCompile Include="Fade.cpp" />
    <ClCompile Include="TitleSprite.cpp">
      <Filter>title</Filter>
    </ClCompile>
    <ClCompile Include="TitleBGM.cpp">
      <Filter>title</Filter>
    </ClCompile>
    <ClCompile Include="MainBGM.cpp" />
    <ClCompile Include="ResultBGM.cpp" />
  </ItemGroup>
  <ItemGroup>
    <ClInclude Include="stdafx.h" />
    <ClInclude Include="system\system.h">
      <Filter>system</Filter>
    </ClInclude>
    <ClInclude Include="Player.h">
      <Filter>player</Filter>
    </ClInclude>
    <ClInclude Include="PlayerIdleInAirState.h">
      <Filter>player</Filter>
    </ClInclude>
    <ClInclude Include="PlayerIdleState.h">
      <Filter>player</Filter>
    </ClInclude>
    <ClInclude Include="IPlayerState.h">
      <Filter>player</Filter>
    </ClInclude>
    <ClInclude Include="PlayerWalkState.h">
      <Filter>player</Filter>
    </ClInclude>
    <ClInclude Include="PlayerFallInAirState.h">
      <Filter>player</Filter>
    </ClInclude>
    <ClInclude Include="PlayerSlideState.h">
      <Filter>player</Filter>
    </ClInclude>
    <ClInclude Include="PlayerJumpState.h">
      <Filter>player</Filter>
    </ClInclude>
    <ClInclude Include="Game.h" />
    <ClInclude Include="Sight.h">
      <Filter>UI</Filter>
    </ClInclude>
    <ClInclude Include="GravityGauge.h">
      <Filter>UI</Filter>
    </ClInclude>
    <ClInclude Include="GameCamera.h">
      <Filter>camera</Filter>
    </ClInclude>
    <ClInclude Include="BackGround.h">
      <Filter>backGround</Filter>
    </ClInclude>
    <ClInclude Include="PlayerFallState.h">
      <Filter>player</Filter>
    </ClInclude>
    <ClInclude Include="Ring.h" />
    <ClInclude Include="Result.h" />
    <ClInclude Include="DisplayGameTimer.h">
      <Filter>UI</Filter>
    </ClInclude>
    <ClInclude Include="LockOn.h">
      <Filter>UI</Filter>
    </ClInclude>
    <ClInclude Include="Title.h">
      <Filter>title</Filter>
    </ClInclude>
    <ClInclude Include="TitleCharacter.h">
      <Filter>title</Filter>
    </ClInclude>
    <ClInclude Include="TitleCamera.h">
      <Filter>title</Filter>
    </ClInclude>
    <ClInclude Include="CommonDataForWorldRotation.h">
      <Filter>CommonData</Filter>
    </ClInclude>
    <ClInclude Include="CommonDataForTimer.h">
      <Filter>CommonData</Filter>
    </ClInclude>
    <ClInclude Include="TitleBackGround.h">
      <Filter>title</Filter>
    </ClInclude>
    <ClInclude Include="CommonDataForBackGround.h">
      <Filter>CommonData</Filter>
    </ClInclude>
    <ClInclude Include="Fade.h" />
    <ClInclude Include="TitleSprite.h">
      <Filter>title</Filter>
    </ClInclude>
    <ClInclude Include="CommonDataForEffect.h">
      <Filter>CommonData</Filter>
    </ClInclude>
    <ClInclude Include="CommonDataForSound.h">
      <Filter>CommonData</Filter>
    </ClInclude>
    <ClInclude Include="TitleBGM.h">
      <Filter>title</Filter>
    </ClInclude>
    <ClInclude Include="MainBGM.h" />
    <ClInclude Include="ResultBGM.h" />
  </ItemGroup>
</Project>