<?xml version="1.0" encoding="utf-8"?>
<Project ToolsVersion="4.0" xmlns="http://schemas.microsoft.com/developer/msbuild/2003">
  <ItemGroup>
    <Filter Include="system">
      <UniqueIdentifier>{22dd8095-74f9-46df-81a1-36675a040b1f}</UniqueIdentifier>
    </Filter>
    <Filter Include="player">
      <UniqueIdentifier>{3232152b-ef07-4af4-a93d-baa84a488cec}</UniqueIdentifier>
    </Filter>
  </ItemGroup>
  <ItemGroup>
    <ClCompile Include="stdafx.cpp" />
    <ClCompile Include="main.cpp" />
    <ClCompile Include="system\system.cpp">
      <Filter>system</Filter>
    </ClCompile>
    <ClCompile Include="EngineTest.cpp" />
    <ClCompile Include="TestModel.cpp" />
    <ClCompile Include="GameCamera.cpp" />
    <ClCompile Include="Player.cpp">
      <Filter>player</Filter>
    </ClCompile>
    <ClCompile Include="PlayerIdleInAirState.cpp">
      <Filter>player</Filter>
    </ClCompile>
    <ClCompile Include="PlayerIdleState.cpp">
      <Filter>player</Filter>
    </ClCompile>
    <ClCompile Include="PlayerState.cpp">
      <Filter>player</Filter>
    </ClCompile>
    <ClCompile Include="PlayerWalkState.cpp">
      <Filter>player</Filter>
    </ClCompile>
    <ClCompile Include="PlayerFallInAirState.cpp">
      <Filter>player</Filter>
    </ClCompile>
    <ClCompile Include="PlayerSlideState.cpp">
      <Filter>player</Filter>
    </ClCompile>
    <ClCompile Include="PlayerJumpState.cpp">
      <Filter>player</Filter>
    </ClCompile>
    <ClCompile Include="Game.cpp" />
  </ItemGroup>
  <ItemGroup>
    <ClInclude Include="stdafx.h" />
    <ClInclude Include="system\system.h">
      <Filter>system</Filter>
    </ClInclude>
    <ClInclude Include="EngineTest.h" />
    <ClInclude Include="TestModel.h" />
    <ClInclude Include="GameCamera.h" />
    <ClInclude Include="Player.h">
      <Filter>player</Filter>
    </ClInclude>
    <ClInclude Include="PlayerIdleInAirState.h">
      <Filter>player</Filter>
    </ClInclude>
    <ClInclude Include="PlayerIdleState.h">
      <Filter>player</Filter>
    </ClInclude>
    <ClInclude Include="PlayerState.h">
      <Filter>player</Filter>
    </ClInclude>
    <ClInclude Include="PlayerWalkState.h">
      <Filter>player</Filter>
    </ClInclude>
    <ClInclude Include="PlayerFallInAirState.h">
      <Filter>player</Filter>
    </ClInclude>
    <ClInclude Include="PlayerSlideState.h">
      <Filter>player</Filter>
    </ClInclude>
    <ClInclude Include="PlayerJumpState.h">
      <Filter>player</Filter>
    </ClInclude>
    <ClInclude Include="Game.h" />
  </ItemGroup>
</Project>